
Microsoft Visual Studio Solution File, Format Version 12.00
# Visual Studio 2013
VisualStudioVersion = 12.0.40629.0
MinimumVisualStudioVersion = 10.0.40219.1
Project("{8BC9CEB8-8B4A-11D0-8D11-00A0C91BC942}") = "DeviceVolume", "DeviceVolume.vcxproj", "{E1048970-D2EA-412F-BEA5-BADB20329F11}"
EndProject
Global
	GlobalSection(SolutionConfigurationPlatforms) = preSolution
		Debug|Win32 = Debug|Win32
		Release|Win32 = Release|Win32
		Template|Win32 = Template|Win32
	EndGlobalSection
	GlobalSection(ProjectConfigurationPlatforms) = postSolution
		{E1048970-D2EA-412F-BEA5-BADB20329F11}.Debug|Win32.ActiveCfg = Debug|Win32
		{E1048970-D2EA-412F-BEA5-BADB20329F11}.Debug|Win32.Build.0 = Debug|Win32
		{E1048970-D2EA-412F-BEA5-BADB20329F11}.Release|Win32.ActiveCfg = Release|Win32
		{E1048970-D2EA-412F-BEA5-BADB20329F11}.Release|Win32.Build.0 = Release|Win32
		{E1048970-D2EA-412F-BEA5-BADB20329F11}.Template|Win32.ActiveCfg = Template|Win32
		{E1048970-D2EA-412F-BEA5-BADB20329F11}.Template|Win32.Build.0 = Template|Win32
	EndGlobalSection
	GlobalSection(SolutionProperties) = preSolution
		HideSolutionNode = FALSE
	EndGlobalSection
EndGlobal
