
Microsoft Visual Studio Solution File, Format Version 12.00
# Visual Studio 2013
VisualStudioVersion = 12.0.40629.0
MinimumVisualStudioVersion = 10.0.40219.1
Project("{8BC9CEB8-8B4A-11D0-8D11-00A0C91BC942}") = "tcp_server", "tcp_server\tcp_server.vcxproj", "{F446B9C5-0943-41CA-9A25-5F7BA43C988E}"
EndProject
Global
	GlobalSection(SolutionConfigurationPlatforms) = preSolution
		Debug|Win32 = Debug|Win32
		Release|Win32 = Release|Win32
	EndGlobalSection
	GlobalSection(ProjectConfigurationPlatforms) = postSolution
		{F446B9C5-0943-41CA-9A25-5F7BA43C988E}.Debug|Win32.ActiveCfg = Debug|Win32
		{F446B9C5-0943-41CA-9A25-5F7BA43C988E}.Debug|Win32.Build.0 = Debug|Win32
		{F446B9C5-0943-41CA-9A25-5F7BA43C988E}.Release|Win32.ActiveCfg = Release|Win32
		{F446B9C5-0943-41CA-9A25-5F7BA43C988E}.Release|Win32.Build.0 = Release|Win32
	EndGlobalSection
	GlobalSection(SolutionProperties) = preSolution
		HideSolutionNode = FALSE
	EndGlobalSection
EndGlobal
